
Microsoft Visual Studio Solution File, Format Version 12.00
# Visual Studio Version 16
VisualStudioVersion = 16.0.32126.315
MinimumVisualStudioVersion = 10.0.40219.1
Project("{FAE04EC0-301F-11D3-BF4B-00C04F79EFBC}") = "CsharpLaba1.3.9", "CsharpLaba1.3.9\CsharpLaba1.3.9.csproj", "{2DEC32B6-CBBB-44D6-B3DA-8A3CCE0202BD}"
EndProject
Global
	GlobalSection(SolutionConfigurationPlatforms) = preSolution
		Debug|Any CPU = Debug|Any CPU
		Release|Any CPU = Release|Any CPU
	EndGlobalSection
	GlobalSection(ProjectConfigurationPlatforms) = postSolution
		{2DEC32B6-CBBB-44D6-B3DA-8A3CCE0202BD}.Debug|Any CPU.ActiveCfg = Debug|Any CPU
		{2DEC32B6-CBBB-44D6-B3DA-8A3CCE0202BD}.Debug|Any CPU.Build.0 = Debug|Any CPU
		{2DEC32B6-CBBB-44D6-B3DA-8A3CCE0202BD}.Release|Any CPU.ActiveCfg = Release|Any CPU
		{2DEC32B6-CBBB-44D6-B3DA-8A3CCE0202BD}.Release|Any CPU.Build.0 = Release|Any CPU
	EndGlobalSection
	GlobalSection(SolutionProperties) = preSolution
		HideSolutionNode = FALSE
	EndGlobalSection
	GlobalSection(ExtensibilityGlobals) = postSolution
		SolutionGuid = {C82CBEB9-C01F-4F06-8B94-F9CE01E407B7}
	EndGlobalSection
EndGlobal
