
Microsoft Visual Studio Solution File, Format Version 12.00
# Visual Studio Version 16
VisualStudioVersion = 16.0.32126.315
MinimumVisualStudioVersion = 10.0.40219.1
Project("{FAE04EC0-301F-11D3-BF4B-00C04F79EFBC}") = "Csharp Laba1", "Csharp Laba1\Csharp Laba1.csproj", "{46411635-F58E-496B-BCB7-4BF60EE486CF}"
EndProject
Global
	GlobalSection(SolutionConfigurationPlatforms) = preSolution
		Debug|Any CPU = Debug|Any CPU
		Release|Any CPU = Release|Any CPU
	EndGlobalSection
	GlobalSection(ProjectConfigurationPlatforms) = postSolution
		{46411635-F58E-496B-BCB7-4BF60EE486CF}.Debug|Any CPU.ActiveCfg = Debug|Any CPU
		{46411635-F58E-496B-BCB7-4BF60EE486CF}.Debug|Any CPU.Build.0 = Debug|Any CPU
		{46411635-F58E-496B-BCB7-4BF60EE486CF}.Release|Any CPU.ActiveCfg = Release|Any CPU
		{46411635-F58E-496B-BCB7-4BF60EE486CF}.Release|Any CPU.Build.0 = Release|Any CPU
	EndGlobalSection
	GlobalSection(SolutionProperties) = preSolution
		HideSolutionNode = FALSE
	EndGlobalSection
	GlobalSection(ExtensibilityGlobals) = postSolution
		SolutionGuid = {AAA47D46-38F0-4181-A51C-1A15FDAEDC76}
	EndGlobalSection
EndGlobal
