
Microsoft Visual Studio Solution File, Format Version 12.00
# Visual Studio Version 16
VisualStudioVersion = 16.0.32802.440
MinimumVisualStudioVersion = 10.0.40219.1
Project("{FAE04EC0-301F-11D3-BF4B-00C04F79EFBC}") = "CsharpLaba1.16", "CsharpLaba1.16\CsharpLaba1.16.csproj", "{8566561D-EBF8-4ABE-A72D-69993C599DE5}"
EndProject
Global
	GlobalSection(SolutionConfigurationPlatforms) = preSolution
		Debug|Any CPU = Debug|Any CPU
		Release|Any CPU = Release|Any CPU
	EndGlobalSection
	GlobalSection(ProjectConfigurationPlatforms) = postSolution
		{8566561D-EBF8-4ABE-A72D-69993C599DE5}.Debug|Any CPU.ActiveCfg = Debug|Any CPU
		{8566561D-EBF8-4ABE-A72D-69993C599DE5}.Debug|Any CPU.Build.0 = Debug|Any CPU
		{8566561D-EBF8-4ABE-A72D-69993C599DE5}.Release|Any CPU.ActiveCfg = Release|Any CPU
		{8566561D-EBF8-4ABE-A72D-69993C599DE5}.Release|Any CPU.Build.0 = Release|Any CPU
	EndGlobalSection
	GlobalSection(SolutionProperties) = preSolution
		HideSolutionNode = FALSE
	EndGlobalSection
	GlobalSection(ExtensibilityGlobals) = postSolution
		SolutionGuid = {439062CB-F215-4C21-9732-6FA38198FDD1}
	EndGlobalSection
EndGlobal
